
Microsoft Visual Studio Solution File, Format Version 12.00
# Visual Studio Version 17
VisualStudioVersion = 17.0.31903.59
MinimumVisualStudioVersion = 10.0.40219.1
Project("{FAE04EC0-301F-11D3-BF4B-00C04F79EFBC}") = "SchoolHelperTelegramBot", "SchoolHelperTelegramBot\SchoolHelperTelegramBot.csproj", "{1A68C32D-C81B-4139-8FBF-37C01871C5DB}"
EndProject
Global
	GlobalSection(SolutionConfigurationPlatforms) = preSolution
		Debug|Any CPU = Debug|Any CPU
		Release|Any CPU = Release|Any CPU
	EndGlobalSection
	GlobalSection(ProjectConfigurationPlatforms) = postSolution
		{1A68C32D-C81B-4139-8FBF-37C01871C5DB}.Debug|Any CPU.ActiveCfg = Debug|Any CPU
		{1A68C32D-C81B-4139-8FBF-37C01871C5DB}.Debug|Any CPU.Build.0 = Debug|Any CPU
		{1A68C32D-C81B-4139-8FBF-37C01871C5DB}.Release|Any CPU.ActiveCfg = Release|Any CPU
		{1A68C32D-C81B-4139-8FBF-37C01871C5DB}.Release|Any CPU.Build.0 = Release|Any CPU
	EndGlobalSection
	GlobalSection(SolutionProperties) = preSolution
		HideSolutionNode = FALSE
	EndGlobalSection
	GlobalSection(ExtensibilityGlobals) = postSolution
		SolutionGuid = {F4540678-35A7-4EF7-A35B-9B6CCF0D1364}
	EndGlobalSection
EndGlobal
